
Microsoft Visual Studio Solution File, Format Version 12.00
# Visual Studio Version 17
VisualStudioVersion = 17.2.32602.215
MinimumVisualStudioVersion = 10.0.40219.1
Project("{FAE04EC0-301F-11D3-BF4B-00C04F79EFBC}") = "NUTClientService", "NUTService\NUTClientService.csproj", "{801B580A-A75A-4482-B834-BAEE130F7537}"
EndProject
Global
	GlobalSection(SolutionConfigurationPlatforms) = preSolution
		Debug|Any CPU = Debug|Any CPU
		Release|Any CPU = Release|Any CPU
	EndGlobalSection
	GlobalSection(ProjectConfigurationPlatforms) = postSolution
		{801B580A-A75A-4482-B834-BAEE130F7537}.Debug|Any CPU.ActiveCfg = Debug|Any CPU
		{801B580A-A75A-4482-B834-BAEE130F7537}.Debug|Any CPU.Build.0 = Debug|Any CPU
		{801B580A-A75A-4482-B834-BAEE130F7537}.Release|Any CPU.ActiveCfg = Release|Any CPU
		{801B580A-A75A-4482-B834-BAEE130F7537}.Release|Any CPU.Build.0 = Release|Any CPU
	EndGlobalSection
	GlobalSection(SolutionProperties) = preSolution
		HideSolutionNode = FALSE
	EndGlobalSection
	GlobalSection(ExtensibilityGlobals) = postSolution
		SolutionGuid = {717A7168-EE69-4ED4-8ADE-E544B28A6336}
	EndGlobalSection
EndGlobal
